
Microsoft Visual Studio Solution File, Format Version 12.00
# Visual Studio Version 17
VisualStudioVersion = 17.4.33213.308
MinimumVisualStudioVersion = 10.0.40219.1
Project("{9A19103F-16F7-4668-BE54-9A1E7A4F7556}") = "NumberSet", "NumberSet\NumberSet.csproj", "{5411B444-7373-4E59-A01D-AD2DA6CD1937}"
EndProject
Project("{FAE04EC0-301F-11D3-BF4B-00C04F79EFBC}") = "NumberSetUnitTest", "NumberSetUnitTest\NumberSetUnitTest.csproj", "{8F673FAB-12C0-4095-A1A9-D49A349B909E}"
EndProject
Global
	GlobalSection(SolutionConfigurationPlatforms) = preSolution
		Debug|Any CPU = Debug|Any CPU
		Release|Any CPU = Release|Any CPU
	EndGlobalSection
	GlobalSection(ProjectConfigurationPlatforms) = postSolution
		{5411B444-7373-4E59-A01D-AD2DA6CD1937}.Debug|Any CPU.ActiveCfg = Debug|Any CPU
		{5411B444-7373-4E59-A01D-AD2DA6CD1937}.Debug|Any CPU.Build.0 = Debug|Any CPU
		{5411B444-7373-4E59-A01D-AD2DA6CD1937}.Release|Any CPU.ActiveCfg = Release|Any CPU
		{5411B444-7373-4E59-A01D-AD2DA6CD1937}.Release|Any CPU.Build.0 = Release|Any CPU
		{8F673FAB-12C0-4095-A1A9-D49A349B909E}.Debug|Any CPU.ActiveCfg = Debug|Any CPU
		{8F673FAB-12C0-4095-A1A9-D49A349B909E}.Debug|Any CPU.Build.0 = Debug|Any CPU
		{8F673FAB-12C0-4095-A1A9-D49A349B909E}.Release|Any CPU.ActiveCfg = Release|Any CPU
		{8F673FAB-12C0-4095-A1A9-D49A349B909E}.Release|Any CPU.Build.0 = Release|Any CPU
	EndGlobalSection
	GlobalSection(SolutionProperties) = preSolution
		HideSolutionNode = FALSE
	EndGlobalSection
	GlobalSection(ExtensibilityGlobals) = postSolution
		SolutionGuid = {060C1578-BE5B-4D51-830A-6AACF9067406}
	EndGlobalSection
EndGlobal
